
Microsoft Visual Studio Solution File, Format Version 12.00
# Visual Studio Version 16
VisualStudioVersion = 16.0.29123.88
MinimumVisualStudioVersion = 10.0.40219.1
Project("{FAE04EC0-301F-11D3-BF4B-00C04F79EFBC}") = "MushroomAssetsGenerator", "MushroomAssetsGenerator\MushroomAssetsGenerator.csproj", "{45324ECE-05F8-46AA-9B93-3B7FC35B455D}"
EndProject
Global
	GlobalSection(SolutionConfigurationPlatforms) = preSolution
		Debug|Any CPU = Debug|Any CPU
		Release|Any CPU = Release|Any CPU
	EndGlobalSection
	GlobalSection(ProjectConfigurationPlatforms) = postSolution
		{45324ECE-05F8-46AA-9B93-3B7FC35B455D}.Debug|Any CPU.ActiveCfg = Debug|Any CPU
		{45324ECE-05F8-46AA-9B93-3B7FC35B455D}.Debug|Any CPU.Build.0 = Debug|Any CPU
		{45324ECE-05F8-46AA-9B93-3B7FC35B455D}.Release|Any CPU.ActiveCfg = Release|Any CPU
		{45324ECE-05F8-46AA-9B93-3B7FC35B455D}.Release|Any CPU.Build.0 = Release|Any CPU
	EndGlobalSection
	GlobalSection(SolutionProperties) = preSolution
		HideSolutionNode = FALSE
	EndGlobalSection
	GlobalSection(ExtensibilityGlobals) = postSolution
		SolutionGuid = {5C2B6213-6683-4AA2-962A-FD7257BF225E}
	EndGlobalSection
EndGlobal
